// !$*UTF8*$!
{
	archiveVersion = 1;
	classes = {
	};
	objectVersion = 46;
	objects = {

/* Begin PBXBuildFile section */
		C0FC73621F160BDB00E3620A /* AppDelegate.swift in Sources */ = {isa = PBXBuildFile; fileRef = C0FC73611F160BDB00E3620A /* AppDelegate.swift */; };
		C0FC73641F160BDB00E3620A /* ViewController.swift in Sources */ = {isa = PBXBuildFile; fileRef = C0FC73631F160BDB00E3620A /* ViewController.swift */; };
		C0FC73671F160BDB00E3620A /* Main.storyboard in Resources */ = {isa = PBXBuildFile; fileRef = C0FC73651F160BDB00E3620A /* Main.storyboard */; };
		C0FC73691F160BDB00E3620A /* Assets.xcassets in Resources */ = {isa = PBXBuildFile; fileRef = C0FC73681F160BDB00E3620A /* Assets.xcassets */; };
		C0FC736C1F160BDB00E3620A /* LaunchScreen.storyboard in Resources */ = {isa = PBXBuildFile; fileRef = C0FC736A1F160BDB00E3620A /* LaunchScreen.storyboard */; };
		C0FC73771F160BDB00E3620A /* __12_____Tests.swift in Sources */ = {isa = PBXBuildFile; fileRef = C0FC73761F160BDB00E3620A /* __12_____Tests.swift */; };
		C0FC73821F160BDB00E3620A /* __12_____UITests.swift in Sources */ = {isa = PBXBuildFile; fileRef = C0FC73811F160BDB00E3620A /* __12_____UITests.swift */; };
		C0FC73901F160C0300E3620A /* Person.swift in Sources */ = {isa = PBXBuildFile; fileRef = C0FC738F1F160C0300E3620A /* Person.swift */; };
		C0FE6BDC1F17150400C2E940 /* Student.swift in Sources */ = {isa = PBXBuildFile; fileRef = C0FE6BDB1F17150400C2E940 /* Student.swift */; };
/* End PBXBuildFile section */

/* Begin PBXContainerItemProxy section */
		C0FC73731F160BDB00E3620A /* PBXContainerItemProxy */ = {
			isa = PBXContainerItemProxy;
			containerPortal = C0FC73561F160BDB00E3620A /* Project object */;
			proxyType = 1;
			remoteGlobalIDString = C0FC735D1F160BDB00E3620A;
			remoteInfo = "7-12-构造函数";
		};
		C0FC737E1F160BDB00E3620A /* PBXContainerItemProxy */ = {
			isa = PBXContainerItemProxy;
			containerPortal = C0FC73561F160BDB00E3620A /* Project object */;
			proxyType = 1;
			remoteGlobalIDString = C0FC735D1F160BDB00E3620A;
			remoteInfo = "7-12-构造函数";
		};
/* End PBXContainerItemProxy section */

/* Begin PBXFileReference section */
		C0FC735E1F160BDB00E3620A /* 7-12-构造函数.app */ = {isa = PBXFileReference; explicitFileType = wrapper.application; includeInIndex = 0; path = "7-12-构造函数.app"; sourceTree = BUILT_PRODUCTS_DIR; };
		C0FC73611F160BDB00E3620A /* AppDelegate.swift */ = {isa = PBXFileReference; lastKnownFileType = sourcecode.swift; path = AppDelegate.swift; sourceTree = "<group>"; };
		C0FC73631F160BDB00E3620A /* ViewController.swift */ = {isa = PBXFileReference; lastKnownFileType = sourcecode.swift; path = ViewController.swift; sourceTree = "<group>"; };
		C0FC73661F160BDB00E3620A /* Base */ = {isa = PBXFileReference; lastKnownFileType = file.storyboard; name = Base; path = Base.lproj/Main.storyboard; sourceTree = "<group>"; };
		C0FC73681F160BDB00E3620A /* Assets.xcassets */ = {isa = PBXFileReference; lastKnownFileType = folder.assetcatalog; path = Assets.xcassets; sourceTree = "<group>"; };
		C0FC736B1F160BDB00E3620A /* Base */ = {isa = PBXFileReference; lastKnownFileType = file.storyboard; name = Base; path = Base.lproj/LaunchScreen.storyboard; sourceTree = "<group>"; };
		C0FC736D1F160BDB00E3620A /* Info.plist */ = {isa = PBXFileReference; lastKnownFileType = text.plist.xml; path = Info.plist; sourceTree = "<group>"; };
		C0FC73721F160BDB00E3620A /* 7-12-构造函数Tests.xctest */ = {isa = PBXFileReference; explicitFileType = wrapper.cfbundle; includeInIndex = 0; path = "7-12-构造函数Tests.xctest"; sourceTree = BUILT_PRODUCTS_DIR; };
		C0FC73761F160BDB00E3620A /* __12_____Tests.swift */ = {isa = PBXFileReference; lastKnownFileType = sourcecode.swift; path = "__12_____Tests.swift"; sourceTree = "<group>"; };
		C0FC73781F160BDB00E3620A /* Info.plist */ = {isa = PBXFileReference; lastKnownFileType = text.plist.xml; path = Info.plist; sourceTree = "<group>"; };
		C0FC737D1F160BDB00E3620A /* 7-12-构造函数UITests.xctest */ = {isa = PBXFileReference; explicitFileType = wrapper.cfbundle; includeInIndex = 0; path = "7-12-构造函数UITests.xctest"; sourceTree = BUILT_PRODUCTS_DIR; };
		C0FC73811F160BDB00E3620A /* __12_____UITests.swift */ = {isa = PBXFileReference; lastKnownFileType = sourcecode.swift; path = "__12_____UITests.swift"; sourceTree = "<group>"; };
		C0FC73831F160BDB00E3620A /* Info.plist */ = {isa = PBXFileReference; lastKnownFileType = text.plist.xml; path = Info.plist; sourceTree = "<group>"; };
		C0FC738F1F160C0300E3620A /* Person.swift */ = {isa = PBXFileReference; fileEncoding = 4; lastKnownFileType = sourcecode.swift; path = Person.swift; sourceTree = "<group>"; };
		C0FE6BDB1F17150400C2E940 /* Student.swift */ = {isa = PBXFileReference; fileEncoding = 4; lastKnownFileType = sourcecode.swift; path = Student.swift; sourceTree = "<group>"; };
/* End PBXFileReference section */

/* Begin PBXFrameworksBuildPhase section */
		C0FC735B1F160BDB00E3620A /* Frameworks */ = {
			isa = PBXFrameworksBuildPhase;
			buildActionMask = 2147483647;
			files = (
			);
			runOnlyForDeploymentPostprocessing = 0;
		};
		C0FC736F1F160BDB00E3620A /* Frameworks */ = {
			isa = PBXFrameworksBuildPhase;
			buildActionMask = 2147483647;
			files = (
			);
			runOnlyForDeploymentPostprocessing = 0;
		};
		C0FC737A1F160BDB00E3620A /* Frameworks */ = {
			isa = PBXFrameworksBuildPhase;
			buildActionMask = 2147483647;
			files = (
			);
			runOnlyForDeploymentPostprocessing = 0;
		};
/* End PBXFrameworksBuildPhase section */

/* Begin PBXGroup section */
		C0FC73551F160BDB00E3620A = {
			isa = PBXGroup;
			children = (
				C0FC73601F160BDB00E3620A /* 7-12-构造函数 */,
				C0FC73751F160BDB00E3620A /* 7-12-构造函数Tests */,
				C0FC73801F160BDB00E3620A /* 7-12-构造函数UITests */,
				C0FC735F1F160BDB00E3620A /* Products */,
			);
			sourceTree = "<group>";
		};
		C0FC735F1F160BDB00E3620A /* Products */ = {
			isa = PBXGroup;
			children = (
				C0FC735E1F160BDB00E3620A /* 7-12-构造函数.app */,
				C0FC73721F160BDB00E3620A /* 7-12-构造函数Tests.xctest */,
				C0FC737D1F160BDB00E3620A /* 7-12-构造函数UITests.xctest */,
			);
			name = Products;
			sourceTree = "<group>";
		};
		C0FC73601F160BDB00E3620A /* 7-12-构造函数 */ = {
			isa = PBXGroup;
			children = (
				C0FC73611F160BDB00E3620A /* AppDelegate.swift */,
				C0FC73631F160BDB00E3620A /* ViewController.swift */,
				C0FC738F1F160C0300E3620A /* Person.swift */,
				C0FE6BDB1F17150400C2E940 /* Student.swift */,
				C0FC73651F160BDB00E3620A /* Main.storyboard */,
				C0FC73681F160BDB00E3620A /* Assets.xcassets */,
				C0FC736A1F160BDB00E3620A /* LaunchScreen.storyboard */,
				C0FC736D1F160BDB00E3620A /* Info.plist */,
			);
			path = "7-12-构造函数";
			sourceTree = "<group>";
		};
		C0FC73751F160BDB00E3620A /* 7-12-构造函数Tests */ = {
			isa = PBXGroup;
			children = (
				C0FC73761F160BDB00E3620A /* __12_____Tests.swift */,
				C0FC73781F160BDB00E3620A /* Info.plist */,
			);
			path = "7-12-构造函数Tests";
			sourceTree = "<group>";
		};
		C0FC73801F160BDB00E3620A /* 7-12-构造函数UITests */ = {
			isa = PBXGroup;
			children = (
				C0FC73811F160BDB00E3620A /* __12_____UITests.swift */,
				C0FC73831F160BDB00E3620A /* Info.plist */,
			);
			path = "7-12-构造函数UITests";
			sourceTree = "<group>";
		};
/* End PBXGroup section */

/* Begin PBXNativeTarget section */
		C0FC735D1F160BDB00E3620A /* 7-12-构造函数 */ = {
			isa = PBXNativeTarget;
			buildConfigurationList = C0FC73861F160BDB00E3620A /* Build configuration list for PBXNativeTarget "7-12-构造函数" */;
			buildPhases = (
				C0FC735A1F160BDB00E3620A /* Sources */,
				C0FC735B1F160BDB00E3620A /* Frameworks */,
				C0FC735C1F160BDB00E3620A /* Resources */,
			);
			buildRules = (
			);
			dependencies = (
			);
			name = "7-12-构造函数";
			productName = "7-12-构造函数";
			productReference = C0FC735E1F160BDB00E3620A /* 7-12-构造函数.app */;
			productType = "com.apple.product-type.application";
		};
		C0FC73711F160BDB00E3620A /* 7-12-构造函数Tests */ = {
			isa = PBXNativeTarget;
			buildConfigurationList = C0FC73891F160BDB00E3620A /* Build configuration list for PBXNativeTarget "7-12-构造函数Tests" */;
			buildPhases = (
				C0FC736E1F160BDB00E3620A /* Sources */,
				C0FC736F1F160BDB00E3620A /* Frameworks */,
				C0FC73701F160BDB00E3620A /* Resources */,
			);
			buildRules = (
			);
			dependencies = (
				C0FC73741F160BDB00E3620A /* PBXTargetDependency */,
			);
			name = "7-12-构造函数Tests";
			productName = "7-12-构造函数Tests";
			productReference = C0FC73721F160BDB00E3620A /* 7-12-构造函数Tests.xctest */;
			productType = "com.apple.product-type.bundle.unit-test";
		};
		C0FC737C1F160BDB00E3620A /* 7-12-构造函数UITests */ = {
			isa = PBXNativeTarget;
			buildConfigurationList = C0FC738C1F160BDB00E3620A /* Build configuration list for PBXNativeTarget "7-12-构造函数UITests" */;
			buildPhases = (
				C0FC73791F160BDB00E3620A /* Sources */,
				C0FC737A1F160BDB00E3620A /* Frameworks */,
				C0FC737B1F160BDB00E3620A /* Resources */,
			);
			buildRules = (
			);
			dependencies = (
				C0FC737F1F160BDB00E3620A /* PBXTargetDependency */,
			);
			name = "7-12-构造函数UITests";
			productName = "7-12-构造函数UITests";
			productReference = C0FC737D1F160BDB00E3620A /* 7-12-构造函数UITests.xctest */;
			productType = "com.apple.product-type.bundle.ui-testing";
		};
/* End PBXNativeTarget section */

/* Begin PBXProject section */
		C0FC73561F160BDB00E3620A /* Project object */ = {
			isa = PBXProject;
			attributes = {
				LastSwiftUpdateCheck = 0830;
				LastUpgradeCheck = 0830;
				ORGANIZATIONNAME = Zeus;
				TargetAttributes = {
					C0FC735D1F160BDB00E3620A = {
						CreatedOnToolsVersion = 8.3;
						ProvisioningStyle = Automatic;
					};
					C0FC73711F160BDB00E3620A = {
						CreatedOnToolsVersion = 8.3;
						ProvisioningStyle = Automatic;
						TestTargetID = C0FC735D1F160BDB00E3620A;
					};
					C0FC737C1F160BDB00E3620A = {
						CreatedOnToolsVersion = 8.3;
						ProvisioningStyle = Automatic;
						TestTargetID = C0FC735D1F160BDB00E3620A;
					};
				};
			};
			buildConfigurationList = C0FC73591F160BDB00E3620A /* Build configuration list for PBXProject "7-12-构造函数" */;
			compatibilityVersion = "Xcode 3.2";
			developmentRegion = English;
			hasScannedForEncodings = 0;
			knownRegions = (
				en,
				Base,
			);
			mainGroup = C0FC73551F160BDB00E3620A;
			productRefGroup = C0FC735F1F160BDB00E3620A /* Products */;
			projectDirPath = "";
			projectRoot = "";
			targets = (
				C0FC735D1F160BDB00E3620A /* 7-12-构造函数 */,
				C0FC73711F160BDB00E3620A /* 7-12-构造函数Tests */,
				C0FC737C1F160BDB00E3620A /* 7-12-构造函数UITests */,
			);
		};
/* End PBXProject section */

/* Begin PBXResourcesBuildPhase section */
		C0FC735C1F160BDB00E3620A /* Resources */ = {
			isa = PBXResourcesBuildPhase;
			buildActionMask = 2147483647;
			files = (
				C0FC736C1F160BDB00E3620A /* LaunchScreen.storyboard in Resources */,
				C0FC73691F160BDB00E3620A /* Assets.xcassets in Resources */,
				C0FC73671F160BDB00E3620A /* Main.storyboard in Resources */,
			);
			runOnlyForDeploymentPostprocessing = 0;
		};
		C0FC73701F160BDB00E3620A /* Resources */ = {
			isa = PBXResourcesBuildPhase;
			buildActionMask = 2147483647;
			files = (
			);
			runOnlyForDeploymentPostprocessing = 0;
		};
		C0FC737B1F160BDB00E3620A /* Resources */ = {
			isa = PBXResourcesBuildPhase;
			buildActionMask = 2147483647;
			files = (
			);
			runOnlyForDeploymentPostprocessing = 0;
		};
/* End PBXResourcesBuildPhase section */

/* Begin PBXSourcesBuildPhase section */
		C0FC735A1F160BDB00E3620A /* Sources */ = {
			isa = PBXSourcesBuildPhase;
			buildActionMask = 2147483647;
			files = (
				C0FC73901F160C0300E3620A /* Person.swift in Sources */,
				C0FC73641F160BDB00E3620A /* ViewController.swift in Sources */,
				C0FC73621F160BDB00E3620A /* AppDelegate.swift in Sources */,
				C0FE6BDC1F17150400C2E940 /* Student.swift in Sources */,
			);
			runOnlyForDeploymentPostprocessing = 0;
		};
		C0FC736E1F160BDB00E3620A /* Sources */ = {
			isa = PBXSourcesBuildPhase;
			buildActionMask = 2147483647;
			files = (
				C0FC73771F160BDB00E3620A /* __12_____Tests.swift in Sources */,
			);
			runOnlyForDeploymentPostprocessing = 0;
		};
		C0FC73791F160BDB00E3620A /* Sources */ = {
			isa = PBXSourcesBuildPhase;
			buildActionMask = 2147483647;
			files = (
				C0FC73821F160BDB00E3620A /* __12_____UITests.swift in Sources */,
			);
			runOnlyForDeploymentPostprocessing = 0;
		};
/* End PBXSourcesBuildPhase section */

/* Begin PBXTargetDependency section */
		C0FC73741F160BDB00E3620A /* PBXTargetDependency */ = {
			isa = PBXTargetDependency;
			target = C0FC735D1F160BDB00E3620A /* 7-12-构造函数 */;
			targetProxy = C0FC73731F160BDB00E3620A /* PBXContainerItemProxy */;
		};
		C0FC737F1F160BDB00E3620A /* PBXTargetDependency */ = {
			isa = PBXTargetDependency;
			target = C0FC735D1F160BDB00E3620A /* 7-12-构造函数 */;
			targetProxy = C0FC737E1F160BDB00E3620A /* PBXContainerItemProxy */;
		};
/* End PBXTargetDependency section */

/* Begin PBXVariantGroup section */
		C0FC73651F160BDB00E3620A /* Main.storyboard */ = {
			isa = PBXVariantGroup;
			children = (
				C0FC73661F160BDB00E3620A /* Base */,
			);
			name = Main.storyboard;
			sourceTree = "<group>";
		};
		C0FC736A1F160BDB00E3620A /* LaunchScreen.storyboard */ = {
			isa = PBXVariantGroup;
			children = (
				C0FC736B1F160BDB00E3620A /* Base */,
			);
			name = LaunchScreen.storyboard;
			sourceTree = "<group>";
		};
/* End PBXVariantGroup section */

/* Begin XCBuildConfiguration section */
		C0FC73841F160BDB00E3620A /* Debug */ = {
			isa = XCBuildConfiguration;
			buildSettings = {
				ALWAYS_SEARCH_USER_PATHS = NO;
				CLANG_ANALYZER_NONNULL = YES;
				CLANG_ANALYZER_NUMBER_OBJECT_CONVERSION = YES_AGGRESSIVE;
				CLANG_CXX_LANGUAGE_STANDARD = "gnu++0x";
				CLANG_CXX_LIBRARY = "libc++";
				CLANG_ENABLE_MODULES = YES;
				CLANG_ENABLE_OBJC_ARC = YES;
				CLANG_WARN_BOOL_CONVERSION = YES;
				CLANG_WARN_CONSTANT_CONVERSION = YES;
				CLANG_WARN_DIRECT_OBJC_ISA_USAGE = YES_ERROR;
				CLANG_WARN_DOCUMENTATION_COMMENTS = YES;
				CLANG_WARN_EMPTY_BODY = YES;
				CLANG_WARN_ENUM_CONVERSION = YES;
				CLANG_WARN_INFINITE_RECURSION = YES;
				CLANG_WARN_INT_CONVERSION = YES;
				CLANG_WARN_OBJC_ROOT_CLASS = YES_ERROR;
				CLANG_WARN_SUSPICIOUS_MOVE = YES;
				CLANG_WARN_UNREACHABLE_CODE = YES;
				CLANG_WARN__DUPLICATE_METHOD_MATCH = YES;
				"CODE_SIGN_IDENTITY[sdk=iphoneos*]" = "iPhone Developer";
				COPY_PHASE_STRIP = NO;
				DEBUG_INFORMATION_FORMAT = dwarf;
				ENABLE_STRICT_OBJC_MSGSEND = YES;
				ENABLE_TESTABILITY = YES;
				GCC_C_LANGUAGE_STANDARD = gnu99;
				GCC_DYNAMIC_NO_PIC = NO;
				GCC_NO_COMMON_BLOCKS = YES;
				GCC_OPTIMIZATION_LEVEL = 0;
				GCC_PREPROCESSOR_DEFINITIONS = (
					"DEBUG=1",
					"$(inherited)",
				);
				GCC_WARN_64_TO_32_BIT_CONVERSION = YES;
				GCC_WARN_ABOUT_RETURN_TYPE = YES_ERROR;
				GCC_WARN_UNDECLARED_SELECTOR = YES;
				GCC_WARN_UNINITIALIZED_AUTOS = YES_AGGRESSIVE;
				GCC_WARN_UNUSED_FUNCTION = YES;
				GCC_WARN_UNUSED_VARIABLE = YES;
				IPHONEOS_DEPLOYMENT_TARGET = 10.3;
				MTL_ENABLE_DEBUG_INFO = YES;
				ONLY_ACTIVE_ARCH = YES;
				SDKROOT = iphoneos;
				SWIFT_ACTIVE_COMPILATION_CONDITIONS = DEBUG;
				SWIFT_OPTIMIZATION_LEVEL = "-Onone";
			};
			name = Debug;
		};
		C0FC73851F160BDB00E3620A /* Release */ = {
			isa = XCBuildConfiguration;
			buildSettings = {
				ALWAYS_SEARCH_USER_PATHS = NO;
				CLANG_ANALYZER_NONNULL = YES;
				CLANG_ANALYZER_NUMBER_OBJECT_CONVERSION = YES_AGGRESSIVE;
				CLANG_CXX_LANGUAGE_STANDARD = "gnu++0x";
				CLANG_CXX_LIBRARY = "libc++";
				CLANG_ENABLE_MODULES = YES;
				CLANG_ENABLE_OBJC_ARC = YES;
				CLANG_WARN_BOOL_CONVERSION = YES;
				CLANG_WARN_CONSTANT_CONVERSION = YES;
				CLANG_WARN_DIRECT_OBJC_ISA_USAGE = YES_ERROR;
				CLANG_WARN_DOCUMENTATION_COMMENTS = YES;
				CLANG_WARN_EMPTY_BODY = YES;
				CLANG_WARN_ENUM_CONVERSION = YES;
				CLANG_WARN_INFINITE_RECURSION = YES;
				CLANG_WARN_INT_CONVERSION = YES;
				CLANG_WARN_OBJC_ROOT_CLASS = YES_ERROR;
				CLANG_WARN_SUSPICIOUS_MOVE = YES;
				CLANG_WARN_UNREACHABLE_CODE = YES;
				CLANG_WARN__DUPLICATE_METHOD_MATCH = YES;
				"CODE_SIGN_IDENTITY[sdk=iphoneos*]" = "iPhone Developer";
				COPY_PHASE_STRIP = NO;
				DEBUG_INFORMATION_FORMAT = "dwarf-with-dsym";
				ENABLE_NS_ASSERTIONS = NO;
				ENABLE_STRICT_OBJC_MSGSEND = YES;
				GCC_C_LANGUAGE_STANDARD = gnu99;
				GCC_NO_COMMON_BLOCKS = YES;
				GCC_WARN_64_TO_32_BIT_CONVERSION = YES;
				GCC_WARN_ABOUT_RETURN_TYPE = YES_ERROR;
				GCC_WARN_UNDECLARED_SELECTOR = YES;
				GCC_WARN_UNINITIALIZED_AUTOS = YES_AGGRESSIVE;
				GCC_WARN_UNUSED_FUNCTION = YES;
				GCC_WARN_UNUSED_VARIABLE = YES;
				IPHONEOS_DEPLOYMENT_TARGET = 10.3;
				MTL_ENABLE_DEBUG_INFO = NO;
				SDKROOT = iphoneos;
				SWIFT_OPTIMIZATION_LEVEL = "-Owholemodule";
				VALIDATE_PRODUCT = YES;
			};
			name = Release;
		};
		C0FC73871F160BDB00E3620A /* Debug */ = {
			isa = XCBuildConfiguration;
			buildSettings = {
				ASSETCATALOG_COMPILER_APPICON_NAME = AppIcon;
				INFOPLIST_FILE = "7-12-构造函数/Info.plist";
				LD_RUNPATH_SEARCH_PATHS = "$(inherited) @executable_path/Frameworks";
				PRODUCT_BUNDLE_IDENTIFIER = "cn.Zeus.--12-----";
				PRODUCT_NAME = "$(TARGET_NAME)";
				SWIFT_VERSION = 3.0;
			};
			name = Debug;
		};
		C0FC73881F160BDB00E3620A /* Release */ = {
			isa = XCBuildConfiguration;
			buildSettings = {
				ASSETCATALOG_COMPILER_APPICON_NAME = AppIcon;
				INFOPLIST_FILE = "7-12-构造函数/Info.plist";
				LD_RUNPATH_SEARCH_PATHS = "$(inherited) @executable_path/Frameworks";
				PRODUCT_BUNDLE_IDENTIFIER = "cn.Zeus.--12-----";
				PRODUCT_NAME = "$(TARGET_NAME)";
				SWIFT_VERSION = 3.0;
			};
			name = Release;
		};
		C0FC738A1F160BDB00E3620A /* Debug */ = {
			isa = XCBuildConfiguration;
			buildSettings = {
				ALWAYS_EMBED_SWIFT_STANDARD_LIBRARIES = YES;
				BUNDLE_LOADER = "$(TEST_HOST)";
				INFOPLIST_FILE = "7-12-构造函数Tests/Info.plist";
				LD_RUNPATH_SEARCH_PATHS = "$(inherited) @executable_path/Frameworks @loader_path/Frameworks";
				PRODUCT_BUNDLE_IDENTIFIER = "cn.Zeus.--12-----Tests";
				PRODUCT_NAME = "$(TARGET_NAME)";
				SWIFT_VERSION = 3.0;
				TEST_HOST = "$(BUILT_PRODUCTS_DIR)/7-12-构造函数.app/7-12-构造函数";
			};
			name = Debug;
		};
		C0FC738B1F160BDB00E3620A /* Release */ = {
			isa = XCBuildConfiguration;
			buildSettings = {
				ALWAYS_EMBED_SWIFT_STANDARD_LIBRARIES = YES;
				BUNDLE_LOADER = "$(TEST_HOST)";
				INFOPLIST_FILE = "7-12-构造函数Tests/Info.plist";
				LD_RUNPATH_SEARCH_PATHS = "$(inherited) @executable_path/Frameworks @loader_path/Frameworks";
				PRODUCT_BUNDLE_IDENTIFIER = "cn.Zeus.--12-----Tests";
				PRODUCT_NAME = "$(TARGET_NAME)";
				SWIFT_VERSION = 3.0;
				TEST_HOST = "$(BUILT_PRODUCTS_DIR)/7-12-构造函数.app/7-12-构造函数";
			};
			name = Release;
		};
		C0FC738D1F160BDB00E3620A /* Debug */ = {
			isa = XCBuildConfiguration;
			buildSettings = {
				ALWAYS_EMBED_SWIFT_STANDARD_LIBRARIES = YES;
				INFOPLIST_FILE = "7-12-构造函数UITests/Info.plist";
				LD_RUNPATH_SEARCH_PATHS = "$(inherited) @executable_path/Frameworks @loader_path/Frameworks";
				PRODUCT_BUNDLE_IDENTIFIER = "cn.Zeus.--12-----UITests";
				PRODUCT_NAME = "$(TARGET_NAME)";
				SWIFT_VERSION = 3.0;
				TEST_TARGET_NAME = "7-12-构造函数";
			};
			name = Debug;
		};
		C0FC738E1F160BDB00E3620A /* Release */ = {
			isa = XCBuildConfiguration;
			buildSettings = {
				ALWAYS_EMBED_SWIFT_STANDARD_LIBRARIES = YES;
				INFOPLIST_FILE = "7-12-构造函数UITests/Info.plist";
				LD_RUNPATH_SEARCH_PATHS = "$(inherited) @executable_path/Frameworks @loader_path/Frameworks";
				PRODUCT_BUNDLE_IDENTIFIER = "cn.Zeus.--12-----UITests";
				PRODUCT_NAME = "$(TARGET_NAME)";
				SWIFT_VERSION = 3.0;
				TEST_TARGET_NAME = "7-12-构造函数";
			};
			name = Release;
		};
/* End XCBuildConfiguration section */

/* Begin XCConfigurationList section */
		C0FC73591F160BDB00E3620A /* Build configuration list for PBXProject "7-12-构造函数" */ = {
			isa = XCConfigurationList;
			buildConfigurations = (
				C0FC73841F160BDB00E3620A /* Debug */,
				C0FC73851F160BDB00E3620A /* Release */,
			);
			defaultConfigurationIsVisible = 0;
			defaultConfigurationName = Release;
		};
		C0FC73861F160BDB00E3620A /* Build configuration list for PBXNativeTarget "7-12-构造函数" */ = {
			isa = XCConfigurationList;
			buildConfigurations = (
				C0FC73871F160BDB00E3620A /* Debug */,
				C0FC73881F160BDB00E3620A /* Release */,
			);
			defaultConfigurationIsVisible = 0;
			defaultConfigurationName = Release;
		};
		C0FC73891F160BDB00E3620A /* Build configuration list for PBXNativeTarget "7-12-构造函数Tests" */ = {
			isa = XCConfigurationList;
			buildConfigurations = (
				C0FC738A1F160BDB00E3620A /* Debug */,
				C0FC738B1F160BDB00E3620A /* Release */,
			);
			defaultConfigurationIsVisible = 0;
			defaultConfigurationName = Release;
		};
		C0FC738C1F160BDB00E3620A /* Build configuration list for PBXNativeTarget "7-12-构造函数UITests" */ = {
			isa = XCConfigurationList;
			buildConfigurations = (
				C0FC738D1F160BDB00E3620A /* Debug */,
				C0FC738E1F160BDB00E3620A /* Release */,
			);
			defaultConfigurationIsVisible = 0;
			defaultConfigurationName = Release;
		};
/* End XCConfigurationList section */
	};
	rootObject = C0FC73561F160BDB00E3620A /* Project object */;
}
